
Microsoft Visual Studio Solution File, Format Version 12.00
# Visual Studio Version 16
VisualStudioVersion = 16.0.31205.134
MinimumVisualStudioVersion = 10.0.40219.1
Project("{FAE04EC0-301F-11D3-BF4B-00C04F79EFBC}") = "DataBase", "DataBase\DataBase.csproj", "{2ECAD0CA-CCA1-4A95-B233-DC812BA8CC4E}"
EndProject
Global
	GlobalSection(SolutionConfigurationPlatforms) = preSolution
		Debug|Any CPU = Debug|Any CPU
		Release|Any CPU = Release|Any CPU
	EndGlobalSection
	GlobalSection(ProjectConfigurationPlatforms) = postSolution
		{2ECAD0CA-CCA1-4A95-B233-DC812BA8CC4E}.Debug|Any CPU.ActiveCfg = Debug|Any CPU
		{2ECAD0CA-CCA1-4A95-B233-DC812BA8CC4E}.Debug|Any CPU.Build.0 = Debug|Any CPU
		{2ECAD0CA-CCA1-4A95-B233-DC812BA8CC4E}.Release|Any CPU.ActiveCfg = Release|Any CPU
		{2ECAD0CA-CCA1-4A95-B233-DC812BA8CC4E}.Release|Any CPU.Build.0 = Release|Any CPU
	EndGlobalSection
	GlobalSection(SolutionProperties) = preSolution
		HideSolutionNode = FALSE
	EndGlobalSection
	GlobalSection(ExtensibilityGlobals) = postSolution
		SolutionGuid = {047D330A-94CC-48DC-AF77-46604D235D57}
	EndGlobalSection
EndGlobal
